
Microsoft Visual Studio Solution File, Format Version 12.00
# Visual Studio Version 16
VisualStudioVersion = 25.0.1706.3
MinimumVisualStudioVersion = 10.0.40219.1
Project("{FAE04EC0-301F-11D3-BF4B-00C04F79EFBC}") = "ex10", "ex10\ex10.csproj", "{CD538194-9B57-4678-A5BC-2B6966387A1E}"
EndProject
Global
	GlobalSection(SolutionConfigurationPlatforms) = preSolution
		Debug|Any CPU = Debug|Any CPU
		Release|Any CPU = Release|Any CPU
	EndGlobalSection
	GlobalSection(ProjectConfigurationPlatforms) = postSolution
		{CD538194-9B57-4678-A5BC-2B6966387A1E}.Debug|Any CPU.ActiveCfg = Debug|Any CPU
		{CD538194-9B57-4678-A5BC-2B6966387A1E}.Debug|Any CPU.Build.0 = Debug|Any CPU
		{CD538194-9B57-4678-A5BC-2B6966387A1E}.Release|Any CPU.ActiveCfg = Release|Any CPU
		{CD538194-9B57-4678-A5BC-2B6966387A1E}.Release|Any CPU.Build.0 = Release|Any CPU
	EndGlobalSection
	GlobalSection(SolutionProperties) = preSolution
		HideSolutionNode = FALSE
	EndGlobalSection
	GlobalSection(ExtensibilityGlobals) = postSolution
		SolutionGuid = {83D0DBC3-2E38-439F-8AB2-8DB595F640CC}
	EndGlobalSection
EndGlobal
